<?xml version="1.0" encoding="utf-8"?>
<Project ToolsVersion="4.0" xmlns="http://schemas.microsoft.com/developer/msbuild/2003">
  <ItemGroup>
    <Filter Include="Resource Files">
      <UniqueIdentifier>{67DA6AB6-F800-4c08-8B7A-83BB121AAD01}</UniqueIdentifier>
      <Extensions>rc;ico;cur;bmp;dlg;rc2;rct;bin;rgs;gif;jpg;jpeg;jpe;resx;tiff;tif;png;wav;mfcribbon-ms</Extensions>
    </Filter>
  </ItemGroup>
  <ItemGroup>
    <ClCompile Include="SDK\ActorEntity.cpp" />
    <ClCompile Include="Graphics\Utility\Animation.cpp" />
    <ClCompile Include="Graphics\Entities\Button.cpp" />
    <ClCompile Include="SDK\Camera.cpp" />
    <ClCompile Include="Misc\CheatFunction.cpp" />
    <ClCompile Include="Graphics\Utility\Colour.cpp" />
    <ClCompile Include="Graphics\Entities\ColourPicker.cpp" />
    <ClCompile Include="Graphics\Entities\ComboBox.cpp" />
    <ClCompile Include="Config\ConfigUtilities.cpp" />
    <ClCompile Include="Graphics\Drawing.cpp" />
    <ClCompile Include="Graphics\Entities\DropDown.cpp" />
    <ClCompile Include="SDK\Engine.cpp" />
    <ClCompile Include="Graphics\Entities\Entity.cpp" />
    <ClCompile Include="Graphics\Utility\Font.cpp" />
    <ClCompile Include="Graphics\Entities\Form.cpp" />
    <ClCompile Include="Graphics\Start Up\GUI.cpp" />
    <ClCompile Include="Graphics\Start Up\Init.cpp" />
    <ClCompile Include="Misc\Input.cpp" />
    <ClCompile Include="Memory\InputManager.cpp" />
    <ClCompile Include="Graphics\Entities\KeyBind.cpp" />
    <ClCompile Include="Graphics\Entities\Label.cpp" />
    <ClCompile Include="Main.cpp" />
    <ClCompile Include="Memory\Memory.cpp" />
    <ClCompile Include="Misc\Pch\Pch.cpp" />
    <ClCompile Include="ESP\PlayerEsp.cpp" />
    <ClCompile Include="Memory\Registry.cpp" />
    <ClCompile Include="Graphics\Entities\Tab.cpp" />
    <ClCompile Include="Graphics\Entities\TabController.cpp" />
    <ClCompile Include="Graphics\Entities\TabListBox.cpp" />
    <ClCompile Include="Graphics\Entities\TabListBoxController.cpp" />
    <ClCompile Include="Graphics\Entities\TextBox.cpp" />
    <ClCompile Include="Graphics\Entities\Toggle.cpp" />
    <ClCompile Include="Misc\Vector.cpp" />
  </ItemGroup>
  <ItemGroup>
    <ClInclude Include="SDK\ActorEntity.h" />
    <ClInclude Include="Graphics\Utility\Animation.h" />
    <ClInclude Include="Graphics\Entities\Button.h" />
    <ClInclude Include="SDK\Camera.h" />
    <ClInclude Include="Misc\CheatFunction.h" />
    <ClInclude Include="Graphics\Utility\Colour.h" />
    <ClInclude Include="Graphics\Entities\ColourPicker.h" />
    <ClInclude Include="Graphics\Entities\ComboBox.h" />
    <ClInclude Include="Config\ConfigInstance.h" />
    <ClInclude Include="Config\ConfigUtilities.h" />
    <ClInclude Include="Graphics\Drawing.h" />
    <ClInclude Include="Graphics\Entities\DropDown.h" />
    <ClInclude Include="SDK\Engine.h" />
    <ClInclude Include="SDK\EngineStructs.h" />
    <ClInclude Include="Graphics\Entities\Entity.h" />
    <ClInclude Include="Graphics\Utility\Font.h" />
    <ClInclude Include="Graphics\Entities\Form.h" />
    <ClInclude Include="Globals.h" />
    <ClInclude Include="Graphics\Graphics.h" />
    <ClInclude Include="Graphics\Start Up\GUI.h" />
    <ClInclude Include="Graphics\Start Up\Init.h" />
    <ClInclude Include="Misc\Input.h" />
    <ClInclude Include="Memory\InputManager.h" />
    <ClInclude Include="Graphics\Entities\KeyBind.h" />
    <ClInclude Include="Graphics\Entities\Label.h" />
    <ClInclude Include="Memory\Memory.h" />
    <ClInclude Include="Config\Overlay.h" />
    <ClInclude Include="Misc\Pch\Pch.h" />
    <ClInclude Include="Config\PlayerConfig.h" />
    <ClInclude Include="ESP\PlayerEsp.h" />
    <ClInclude Include="Memory\Registry.h" />
    <ClInclude Include="Graphics\Entities\Slider.h" />
    <ClInclude Include="Graphics\Entities\Tab.h" />
    <ClInclude Include="Graphics\Entities\TabController.h" />
    <ClInclude Include="Graphics\Entities\TabListBox.h" />
    <ClInclude Include="Graphics\Entities\TabListBoxController.h" />
    <ClInclude Include="Graphics\Entities\TextBox.h" />
    <ClInclude Include="Graphics\Entities\Toggle.h" />
    <ClInclude Include="Misc\Vector.h" />
    <ClInclude Include="Security\XorStr.h" />
  </ItemGroup>
</Project>